Microsoft Visual Studio Solution File, Format Version 12.00
# Visual Studio Version 17
VisualStudioVersion = 17.8.34330.188
MinimumVisualStudioVersion = 10.0.40219.1
Project("{2150E333-8FDC-42A3-9474-1A3956D46DE8}") = "ApiGateways", "ApiGateways", "{61C0C857-0183-4198-B1E0-DE479316D0F2}"
EndProject
Project("{9A19103F-16F7-4668-BE54-9A1E7A4F7556}") = "YarpApiGateway", "ApiGateways\YarpApiGateway\YarpApiGateway.csproj", "{17F4CA66-7A9C-4D97-893C-CD4197CD2D48}"
EndProject
Project("{2150E333-8FDC-42A3-9474-1A3956D46DE8}") = "BuildingBlocks", "BuildingBlocks", "{F206F08A-9989-4F04-9C0C-AD18DCC8462B}"
EndProject
Project("{9A19103F-16F7-4668-BE54-9A1E7A4F7556}") = "BuildingBlocks", "BuildingBlocks\BuildingBlocks\BuildingBlocks.csproj", "{0C5E263E-9A06-4B3C-8A5F-53A37DB16472}"
EndProject
Project("{2150E333-8FDC-42A3-9474-1A3956D46DE8}") = "Services", "Services", "{E1B22E90-7FBF-40DE-B822-533FE9F90367}"
EndProject
Project("{2150E333-8FDC-42A3-9474-1A3956D46DE8}") = "Learning", "Learning", "{6864B3FD-3322-493B-8BEF-31CFCA4F6380}"
EndProject
Project("{2150E333-8FDC-42A3-9474-1A3956D46DE8}") = "User", "User", "{AC737EAF-2C3F-44DA-88B4-B3D08EAC8FE3}"
EndProject
Project("{9A19103F-16F7-4668-BE54-9A1E7A4F7556}") = "User.API", "Services\User\User.API\User.API.csproj", "{AAFA077D-E8E3-4E52-8034-87B2624EE138}"
EndProject
Project("{9A19103F-16F7-4668-BE54-9A1E7A4F7556}") = "User.Domain", "Services\User\User.Domain\User.Domain.csproj", "{5946AC28-99A4-4C04-B2F6-B4299485F144}"
EndProject
Project("{9A19103F-16F7-4668-BE54-9A1E7A4F7556}") = "User.Application", "Services\User\User.Application\User.Application.csproj", "{D2A4ABB7-1CC3-4757-9F7E-8215A4E3D88B}"
EndProject
Project("{9A19103F-16F7-4668-BE54-9A1E7A4F7556}") = "User.Infrastructure", "Services\User\User.Infrastructure\User.Infrastructure.csproj", "{80043DFC-FD2E-46F9-8462-557AD1C94776}"
EndProject
Project("{2150E333-8FDC-42A3-9474-1A3956D46DE8}") = "Payment", "Payment", "{8CFEEBAF-5D0E-4048-AB50-217C2FAB0006}"
EndProject
Project("{9A19103F-16F7-4668-BE54-9A1E7A4F7556}") = "Payment.API", "Services\Payment\Payment.API\Payment.API.csproj", "{808C33A3-8061-4E23-9ADB-50E1BF1AAC59}"
EndProject
Project("{9A19103F-16F7-4668-BE54-9A1E7A4F7556}") = "Payment.Application", "Services\Payment\Payment.Application\Payment.Application.csproj", "{94697196-F2B8-4076-94A3-8F51AE0DED1A}"
EndProject
Project("{9A19103F-16F7-4668-BE54-9A1E7A4F7556}") = "Payment.Infrastructure", "Services\Payment\Payment.Infrastructure\Payment.Infrastructure.csproj", "{1A595B6B-76AC-4943-9A47-D106F5F6B1E3}"
EndProject
Project("{9A19103F-16F7-4668-BE54-9A1E7A4F7556}") = "Payment.Domain", "Services\Payment\Payment.Domain\Payment.Domain.csproj", "{4D61A97C-55A8-4FA0-8750-A119DE6796DF}"
EndProject
Project("{2150E333-8FDC-42A3-9474-1A3956D46DE8}") = "Competition", "Competition", "{D9281934-287C-4A01-951E-7625D2568741}"
EndProject
Project("{9A19103F-16F7-4668-BE54-9A1E7A4F7556}") = "Competition.API", "Services\Competition\Competition.API\Competition.API.csproj", "{6AB48AD7-A8BE-4C4B-984D-FBF68D48476A}"
EndProject
Project("{9A19103F-16F7-4668-BE54-9A1E7A4F7556}") = "Competition.Domain", "Services\Competition\Competition.Domain\Competition.Domain.csproj", "{BA38E107-CF37-46DE-B483-4E8F86B57281}"
EndProject
Project("{9A19103F-16F7-4668-BE54-9A1E7A4F7556}") = "Competition.Infrastructure", "Services\Competition\Competition.Infrastructure\Competition.Infrastructure.csproj", "{AC90BE52-F493-4F96-B306-F1320BC80185}"
EndProject
Project("{9A19103F-16F7-4668-BE54-9A1E7A4F7556}") = "Competition.Application", "Services\Competition\Competition.Application\Competition.Application.csproj", "{5597C433-1870-4D8F-8B9F-FB365837BEA4}"
EndProject
Project("{2150E333-8FDC-42A3-9474-1A3956D46DE8}") = "AI", "AI", "{D6C0D7AB-444A-4236-AB9C-29B4444B110B}"
EndProject
Project("{9A19103F-16F7-4668-BE54-9A1E7A4F7556}") = "AI.API", "Services\AI\AI.API\AI.API.csproj", "{21063DF1-6F45-409F-B61A-25E85A1DF526}"
EndProject
Project("{9A19103F-16F7-4668-BE54-9A1E7A4F7556}") = "AI.Infrastructure", "Services\AI\AI.Infrastructure\AI.Infrastructure.csproj", "{5F526DE5-F9CB-438C-A6D4-296CC59BBF5F}"
EndProject
Project("{9A19103F-16F7-4668-BE54-9A1E7A4F7556}") = "AI.Application", "Services\AI\AI.Application\AI.Application.csproj", "{37BA93D4-7D15-4E28-BC47-67F68BC835BF}"
EndProject
Project("{9A19103F-16F7-4668-BE54-9A1E7A4F7556}") = "AI.Domain", "Services\AI\AI.Domain\AI.Domain.csproj", "{4EB1C5E5-3199-4DBC-98D5-85137B5ED28D}"
EndProject
Project("{2150E333-8FDC-42A3-9474-1A3956D46DE8}") = "Community", "Community", "{8B6EF400-FF03-4A9C-9650-91D5E645B19E}"
EndProject
Project("{9A19103F-16F7-4668-BE54-9A1E7A4F7556}") = "Community.API", "Services\Community\Community.API\Community.API.csproj", "{2CDD5199-591C-477A-915B-D747BB6AD32B}"
EndProject
Project("{9A19103F-16F7-4668-BE54-9A1E7A4F7556}") = "Community.Infrastructure", "Services\Community\Community.Infrastructure\Community.Infrastructure.csproj", "{772D9DDA-4776-4D8B-B038-86117092F881}"
EndProject
Project("{9A19103F-16F7-4668-BE54-9A1E7A4F7556}") = "Community.Application", "Services\Community\Community.Application\Community.Application.csproj", "{F7952397-6074-4A8E-B703-5C3105CBA4BA}"
EndProject
Project("{9A19103F-16F7-4668-BE54-9A1E7A4F7556}") = "Community.Domain", "Services\Community\Community.Domain\Community.Domain.csproj", "{AE983DB0-F5B1-4238-9990-F6863397868F}"
EndProject
Project("{2150E333-8FDC-42A3-9474-1A3956D46DE8}") = "Identity", "Identity", "{DE20131C-E75F-451D-A19B-AD89DFFD9CDA}"
EndProject
Project("{9A19103F-16F7-4668-BE54-9A1E7A4F7556}") = "AuthServer", "Services\Identity\AuthServer\AuthServer.csproj", "{C620B087-72F0-4233-9A8D-5C6EDBEC04C6}"
EndProject
Project("{9A19103F-16F7-4668-BE54-9A1E7A4F7556}") = "BuildingBlocks.Messaging", "BuildingBlocks\BuildingBlocks.Messaging\BuildingBlocks.Messaging.csproj", "{1C70F418-BD98-447C-9B20-926A2AE2882B}"
EndProject
Project("{9A19103F-16F7-4668-BE54-9A1E7A4F7556}") = "BuildingBlocks.Email", "BuildingBlocks\BuildingBlocks.Email\BuildingBlocks.Email.csproj", "{BFFA0573-6BA5-48B8-A1C6-AD91CFEC1014}"
EndProject
Project("{9A19103F-16F7-4668-BE54-9A1E7A4F7556}") = "Learning.API", "Services\Learning\Learning.API\Learning.API.csproj", "{9B034C64-B099-4057-8AA0-9D0CFAFCB2E8}"
EndProject
Project("{9A19103F-16F7-4668-BE54-9A1E7A4F7556}") = "Learning.Application", "Services\Learning\Learning.Application\Learning.Application.csproj", "{569F5F7B-3BFE-4430-A96B-E74F9DB8B3AB}"
EndProject
Project("{9A19103F-16F7-4668-BE54-9A1E7A4F7556}") = "Learning.Domain", "Services\Learning\Learning.Domain\Learning.Domain.csproj", "{A0E12382-8078-41CE-A7D7-347C3D1B481C}"
EndProject
Project("{9A19103F-16F7-4668-BE54-9A1E7A4F7556}") = "Learning.Infrastructure", "Services\Learning\Learning.Infrastructure\Learning.Infrastructure.csproj", "{DA52D004-536F-46D9-B4EE-763DD2775F2F}"
EndProject
Project("{9A19103F-16F7-4668-BE54-9A1E7A4F7556}") = "BuidingBlocks.Storage", "BuildingBlocks\BuidingBlocks.Storage\BuidingBlocks.Storage.csproj", "{A7078181-4D55-48A4-9453-E25D3EC8AACF}"
EndProject
Project("{2150E333-8FDC-42A3-9474-1A3956D46DE8}") = "Tests", "Tests", "{93EC65E6-DB93-4BE3-9744-66D28F5AFAB7}"
EndProject
Project("{9A19103F-16F7-4668-BE54-9A1E7A4F7556}") = "Learning.Application.UnitTests", "Services\Learning\Tests\Learning.Application.UnitTests\Learning.Application.UnitTests.csproj", "{4D887636-D70F-4133-8454-25090F223A3C}"
EndProject
Project("{2150E333-8FDC-42A3-9474-1A3956D46DE8}") = "Tests", "Tests", "{8D091EC3-F657-43E8-A82F-0027535EB65B}"
EndProject
Project("{FAE04EC0-301F-11D3-BF4B-00C04F79EFBC}") = "Community.Application.UnitTests", "Services\Community\Tests\Community.Application.UnitTests\Community.Application.UnitTests.csproj", "{32AA989D-6C42-4C9E-AC0D-FAC7EE9876D1}"
EndProject
Global
	GlobalSection(SolutionConfigurationPlatforms) = preSolution
		Debug|Any CPU = Debug|Any CPU
		Release|Any CPU = Release|Any CPU
	EndGlobalSection
	GlobalSection(ProjectConfigurationPlatforms) = postSolution
		{17F4CA66-7A9C-4D97-893C-CD4197CD2D48}.Debug|Any CPU.ActiveCfg = Debug|Any CPU
		{17F4CA66-7A9C-4D97-893C-CD4197CD2D48}.Debug|Any CPU.Build.0 = Debug|Any CPU
		{17F4CA66-7A9C-4D97-893C-CD4197CD2D48}.Release|Any CPU.ActiveCfg = Release|Any CPU
		{17F4CA66-7A9C-4D97-893C-CD4197CD2D48}.Release|Any CPU.Build.0 = Release|Any CPU
		{0C5E263E-9A06-4B3C-8A5F-53A37DB16472}.Debug|Any CPU.ActiveCfg = Debug|Any CPU
		{0C5E263E-9A06-4B3C-8A5F-53A37DB16472}.Debug|Any CPU.Build.0 = Debug|Any CPU
		{0C5E263E-9A06-4B3C-8A5F-53A37DB16472}.Release|Any CPU.ActiveCfg = Release|Any CPU
		{0C5E263E-9A06-4B3C-8A5F-53A37DB16472}.Release|Any CPU.Build.0 = Release|Any CPU
		{AAFA077D-E8E3-4E52-8034-87B2624EE138}.Debug|Any CPU.ActiveCfg = Debug|Any CPU
		{AAFA077D-E8E3-4E52-8034-87B2624EE138}.Debug|Any CPU.Build.0 = Debug|Any CPU
		{AAFA077D-E8E3-4E52-8034-87B2624EE138}.Release|Any CPU.ActiveCfg = Release|Any CPU
		{AAFA077D-E8E3-4E52-8034-87B2624EE138}.Release|Any CPU.Build.0 = Release|Any CPU
		{5946AC28-99A4-4C04-B2F6-B4299485F144}.Debug|Any CPU.ActiveCfg = Debug|Any CPU
		{5946AC28-99A4-4C04-B2F6-B4299485F144}.Debug|Any CPU.Build.0 = Debug|Any CPU
		{5946AC28-99A4-4C04-B2F6-B4299485F144}.Release|Any CPU.ActiveCfg = Release|Any CPU
		{5946AC28-99A4-4C04-B2F6-B4299485F144}.Release|Any CPU.Build.0 = Release|Any CPU
		{D2A4ABB7-1CC3-4757-9F7E-8215A4E3D88B}.Debug|Any CPU.ActiveCfg = Debug|Any CPU
		{D2A4ABB7-1CC3-4757-9F7E-8215A4E3D88B}.Debug|Any CPU.Build.0 = Debug|Any CPU
		{D2A4ABB7-1CC3-4757-9F7E-8215A4E3D88B}.Release|Any CPU.ActiveCfg = Release|Any CPU
		{D2A4ABB7-1CC3-4757-9F7E-8215A4E3D88B}.Release|Any CPU.Build.0 = Release|Any CPU
		{80043DFC-FD2E-46F9-8462-557AD1C94776}.Debug|Any CPU.ActiveCfg = Debug|Any CPU
		{80043DFC-FD2E-46F9-8462-557AD1C94776}.Debug|Any CPU.Build.0 = Debug|Any CPU
		{80043DFC-FD2E-46F9-8462-557AD1C94776}.Release|Any CPU.ActiveCfg = Release|Any CPU
		{80043DFC-FD2E-46F9-8462-557AD1C94776}.Release|Any CPU.Build.0 = Release|Any CPU
		{808C33A3-8061-4E23-9ADB-50E1BF1AAC59}.Debug|Any CPU.ActiveCfg = Debug|Any CPU
		{808C33A3-8061-4E23-9ADB-50E1BF1AAC59}.Debug|Any CPU.Build.0 = Debug|Any CPU
		{808C33A3-8061-4E23-9ADB-50E1BF1AAC59}.Release|Any CPU.ActiveCfg = Release|Any CPU
		{808C33A3-8061-4E23-9ADB-50E1BF1AAC59}.Release|Any CPU.Build.0 = Release|Any CPU
		{94697196-F2B8-4076-94A3-8F51AE0DED1A}.Debug|Any CPU.ActiveCfg = Debug|Any CPU
		{94697196-F2B8-4076-94A3-8F51AE0DED1A}.Debug|Any CPU.Build.0 = Debug|Any CPU
		{94697196-F2B8-4076-94A3-8F51AE0DED1A}.Release|Any CPU.ActiveCfg = Release|Any CPU
		{94697196-F2B8-4076-94A3-8F51AE0DED1A}.Release|Any CPU.Build.0 = Release|Any CPU
		{1A595B6B-76AC-4943-9A47-D106F5F6B1E3}.Debug|Any CPU.ActiveCfg = Debug|Any CPU
		{1A595B6B-76AC-4943-9A47-D106F5F6B1E3}.Debug|Any CPU.Build.0 = Debug|Any CPU
		{1A595B6B-76AC-4943-9A47-D106F5F6B1E3}.Release|Any CPU.ActiveCfg = Release|Any CPU
		{1A595B6B-76AC-4943-9A47-D106F5F6B1E3}.Release|Any CPU.Build.0 = Release|Any CPU
		{4D61A97C-55A8-4FA0-8750-A119DE6796DF}.Debug|Any CPU.ActiveCfg = Debug|Any CPU
		{4D61A97C-55A8-4FA0-8750-A119DE6796DF}.Debug|Any CPU.Build.0 = Debug|Any CPU
		{4D61A97C-55A8-4FA0-8750-A119DE6796DF}.Release|Any CPU.ActiveCfg = Release|Any CPU
		{4D61A97C-55A8-4FA0-8750-A119DE6796DF}.Release|Any CPU.Build.0 = Release|Any CPU
		{6AB48AD7-A8BE-4C4B-984D-FBF68D48476A}.Debug|Any CPU.ActiveCfg = Debug|Any CPU
		{6AB48AD7-A8BE-4C4B-984D-FBF68D48476A}.Debug|Any CPU.Build.0 = Debug|Any CPU
		{6AB48AD7-A8BE-4C4B-984D-FBF68D48476A}.Release|Any CPU.ActiveCfg = Release|Any CPU
		{6AB48AD7-A8BE-4C4B-984D-FBF68D48476A}.Release|Any CPU.Build.0 = Release|Any CPU
		{BA38E107-CF37-46DE-B483-4E8F86B57281}.Debug|Any CPU.ActiveCfg = Debug|Any CPU
		{BA38E107-CF37-46DE-B483-4E8F86B57281}.Debug|Any CPU.Build.0 = Debug|Any CPU
		{BA38E107-CF37-46DE-B483-4E8F86B57281}.Release|Any CPU.ActiveCfg = Release|Any CPU
		{BA38E107-CF37-46DE-B483-4E8F86B57281}.Release|Any CPU.Build.0 = Release|Any CPU
		{AC90BE52-F493-4F96-B306-F1320BC80185}.Debug|Any CPU.ActiveCfg = Debug|Any CPU
		{AC90BE52-F493-4F96-B306-F1320BC80185}.Debug|Any CPU.Build.0 = Debug|Any CPU
		{AC90BE52-F493-4F96-B306-F1320BC80185}.Release|Any CPU.ActiveCfg = Release|Any CPU
		{AC90BE52-F493-4F96-B306-F1320BC80185}.Release|Any CPU.Build.0 = Release|Any CPU
		{5597C433-1870-4D8F-8B9F-FB365837BEA4}.Debug|Any CPU.ActiveCfg = Debug|Any CPU
		{5597C433-1870-4D8F-8B9F-FB365837BEA4}.Debug|Any CPU.Build.0 = Debug|Any CPU
		{5597C433-1870-4D8F-8B9F-FB365837BEA4}.Release|Any CPU.ActiveCfg = Release|Any CPU
		{5597C433-1870-4D8F-8B9F-FB365837BEA4}.Release|Any CPU.Build.0 = Release|Any CPU
		{21063DF1-6F45-409F-B61A-25E85A1DF526}.Debug|Any CPU.ActiveCfg = Debug|Any CPU
		{21063DF1-6F45-409F-B61A-25E85A1DF526}.Debug|Any CPU.Build.0 = Debug|Any CPU
		{21063DF1-6F45-409F-B61A-25E85A1DF526}.Release|Any CPU.ActiveCfg = Release|Any CPU
		{21063DF1-6F45-409F-B61A-25E85A1DF526}.Release|Any CPU.Build.0 = Release|Any CPU
		{5F526DE5-F9CB-438C-A6D4-296CC59BBF5F}.Debug|Any CPU.ActiveCfg = Debug|Any CPU
		{5F526DE5-F9CB-438C-A6D4-296CC59BBF5F}.Debug|Any CPU.Build.0 = Debug|Any CPU
		{5F526DE5-F9CB-438C-A6D4-296CC59BBF5F}.Release|Any CPU.ActiveCfg = Release|Any CPU
		{5F526DE5-F9CB-438C-A6D4-296CC59BBF5F}.Release|Any CPU.Build.0 = Release|Any CPU
		{37BA93D4-7D15-4E28-BC47-67F68BC835BF}.Debug|Any CPU.ActiveCfg = Debug|Any CPU
		{37BA93D4-7D15-4E28-BC47-67F68BC835BF}.Debug|Any CPU.Build.0 = Debug|Any CPU
		{37BA93D4-7D15-4E28-BC47-67F68BC835BF}.Release|Any CPU.ActiveCfg = Release|Any CPU
		{37BA93D4-7D15-4E28-BC47-67F68BC835BF}.Release|Any CPU.Build.0 = Release|Any CPU
		{4EB1C5E5-3199-4DBC-98D5-85137B5ED28D}.Debug|Any CPU.ActiveCfg = Debug|Any CPU
		{4EB1C5E5-3199-4DBC-98D5-85137B5ED28D}.Debug|Any CPU.Build.0 = Debug|Any CPU
		{4EB1C5E5-3199-4DBC-98D5-85137B5ED28D}.Release|Any CPU.ActiveCfg = Release|Any CPU
		{4EB1C5E5-3199-4DBC-98D5-85137B5ED28D}.Release|Any CPU.Build.0 = Release|Any CPU
		{2CDD5199-591C-477A-915B-D747BB6AD32B}.Debug|Any CPU.ActiveCfg = Debug|Any CPU
		{2CDD5199-591C-477A-915B-D747BB6AD32B}.Debug|Any CPU.Build.0 = Debug|Any CPU
		{2CDD5199-591C-477A-915B-D747BB6AD32B}.Release|Any CPU.ActiveCfg = Release|Any CPU
		{2CDD5199-591C-477A-915B-D747BB6AD32B}.Release|Any CPU.Build.0 = Release|Any CPU
		{772D9DDA-4776-4D8B-B038-86117092F881}.Debug|Any CPU.ActiveCfg = Debug|Any CPU
		{772D9DDA-4776-4D8B-B038-86117092F881}.Debug|Any CPU.Build.0 = Debug|Any CPU
		{772D9DDA-4776-4D8B-B038-86117092F881}.Release|Any CPU.ActiveCfg = Release|Any CPU
		{772D9DDA-4776-4D8B-B038-86117092F881}.Release|Any CPU.Build.0 = Release|Any CPU
		{F7952397-6074-4A8E-B703-5C3105CBA4BA}.Debug|Any CPU.ActiveCfg = Debug|Any CPU
		{F7952397-6074-4A8E-B703-5C3105CBA4BA}.Debug|Any CPU.Build.0 = Debug|Any CPU
		{F7952397-6074-4A8E-B703-5C3105CBA4BA}.Release|Any CPU.ActiveCfg = Release|Any CPU
		{F7952397-6074-4A8E-B703-5C3105CBA4BA}.Release|Any CPU.Build.0 = Release|Any CPU
		{AE983DB0-F5B1-4238-9990-F6863397868F}.Debug|Any CPU.ActiveCfg = Debug|Any CPU
		{AE983DB0-F5B1-4238-9990-F6863397868F}.Debug|Any CPU.Build.0 = Debug|Any CPU
		{AE983DB0-F5B1-4238-9990-F6863397868F}.Release|Any CPU.ActiveCfg = Release|Any CPU
		{AE983DB0-F5B1-4238-9990-F6863397868F}.Release|Any CPU.Build.0 = Release|Any CPU
		{C620B087-72F0-4233-9A8D-5C6EDBEC04C6}.Debug|Any CPU.ActiveCfg = Debug|Any CPU
		{C620B087-72F0-4233-9A8D-5C6EDBEC04C6}.Debug|Any CPU.Build.0 = Debug|Any CPU
		{C620B087-72F0-4233-9A8D-5C6EDBEC04C6}.Release|Any CPU.ActiveCfg = Release|Any CPU
		{C620B087-72F0-4233-9A8D-5C6EDBEC04C6}.Release|Any CPU.Build.0 = Release|Any CPU
		{1C70F418-BD98-447C-9B20-926A2AE2882B}.Debug|Any CPU.ActiveCfg = Debug|Any CPU
		{1C70F418-BD98-447C-9B20-926A2AE2882B}.Debug|Any CPU.Build.0 = Debug|Any CPU
		{1C70F418-BD98-447C-9B20-926A2AE2882B}.Release|Any CPU.ActiveCfg = Release|Any CPU
		{1C70F418-BD98-447C-9B20-926A2AE2882B}.Release|Any CPU.Build.0 = Release|Any CPU
		{BFFA0573-6BA5-48B8-A1C6-AD91CFEC1014}.Debug|Any CPU.ActiveCfg = Debug|Any CPU
		{BFFA0573-6BA5-48B8-A1C6-AD91CFEC1014}.Debug|Any CPU.Build.0 = Debug|Any CPU
		{BFFA0573-6BA5-48B8-A1C6-AD91CFEC1014}.Release|Any CPU.ActiveCfg = Release|Any CPU
		{BFFA0573-6BA5-48B8-A1C6-AD91CFEC1014}.Release|Any CPU.Build.0 = Release|Any CPU
		{9B034C64-B099-4057-8AA0-9D0CFAFCB2E8}.Debug|Any CPU.ActiveCfg = Debug|Any CPU
		{9B034C64-B099-4057-8AA0-9D0CFAFCB2E8}.Debug|Any CPU.Build.0 = Debug|Any CPU
		{9B034C64-B099-4057-8AA0-9D0CFAFCB2E8}.Release|Any CPU.ActiveCfg = Release|Any CPU
		{9B034C64-B099-4057-8AA0-9D0CFAFCB2E8}.Release|Any CPU.Build.0 = Release|Any CPU
		{569F5F7B-3BFE-4430-A96B-E74F9DB8B3AB}.Debug|Any CPU.ActiveCfg = Debug|Any CPU
		{569F5F7B-3BFE-4430-A96B-E74F9DB8B3AB}.Debug|Any CPU.Build.0 = Debug|Any CPU
		{569F5F7B-3BFE-4430-A96B-E74F9DB8B3AB}.Release|Any CPU.ActiveCfg = Release|Any CPU
		{569F5F7B-3BFE-4430-A96B-E74F9DB8B3AB}.Release|Any CPU.Build.0 = Release|Any CPU
		{A0E12382-8078-41CE-A7D7-347C3D1B481C}.Debug|Any CPU.ActiveCfg = Debug|Any CPU
		{A0E12382-8078-41CE-A7D7-347C3D1B481C}.Debug|Any CPU.Build.0 = Debug|Any CPU
		{A0E12382-8078-41CE-A7D7-347C3D1B481C}.Release|Any CPU.ActiveCfg = Release|Any CPU
		{A0E12382-8078-41CE-A7D7-347C3D1B481C}.Release|Any CPU.Build.0 = Release|Any CPU
		{DA52D004-536F-46D9-B4EE-763DD2775F2F}.Debug|Any CPU.ActiveCfg = Debug|Any CPU
		{DA52D004-536F-46D9-B4EE-763DD2775F2F}.Debug|Any CPU.Build.0 = Debug|Any CPU
		{DA52D004-536F-46D9-B4EE-763DD2775F2F}.Release|Any CPU.ActiveCfg = Release|Any CPU
		{DA52D004-536F-46D9-B4EE-763DD2775F2F}.Release|Any CPU.Build.0 = Release|Any CPU
		{A7078181-4D55-48A4-9453-E25D3EC8AACF}.Debug|Any CPU.ActiveCfg = Debug|Any CPU
		{A7078181-4D55-48A4-9453-E25D3EC8AACF}.Debug|Any CPU.Build.0 = Debug|Any CPU
		{A7078181-4D55-48A4-9453-E25D3EC8AACF}.Release|Any CPU.ActiveCfg = Release|Any CPU
		{A7078181-4D55-48A4-9453-E25D3EC8AACF}.Release|Any CPU.Build.0 = Release|Any CPU
		{4D887636-D70F-4133-8454-25090F223A3C}.Debug|Any CPU.ActiveCfg = Debug|Any CPU
		{4D887636-D70F-4133-8454-25090F223A3C}.Debug|Any CPU.Build.0 = Debug|Any CPU
		{4D887636-D70F-4133-8454-25090F223A3C}.Release|Any CPU.ActiveCfg = Release|Any CPU
		{4D887636-D70F-4133-8454-25090F223A3C}.Release|Any CPU.Build.0 = Release|Any CPU
		{32AA989D-6C42-4C9E-AC0D-FAC7EE9876D1}.Debug|Any CPU.ActiveCfg = Debug|Any CPU
		{32AA989D-6C42-4C9E-AC0D-FAC7EE9876D1}.Debug|Any CPU.Build.0 = Debug|Any CPU
		{32AA989D-6C42-4C9E-AC0D-FAC7EE9876D1}.Release|Any CPU.ActiveCfg = Release|Any CPU
		{32AA989D-6C42-4C9E-AC0D-FAC7EE9876D1}.Release|Any CPU.Build.0 = Release|Any CPU
	EndGlobalSection
	GlobalSection(SolutionProperties) = preSolution
		HideSolutionNode = FALSE
	EndGlobalSection
	GlobalSection(NestedProjects) = preSolution
		{17F4CA66-7A9C-4D97-893C-CD4197CD2D48} = {61C0C857-0183-4198-B1E0-DE479316D0F2}
		{0C5E263E-9A06-4B3C-8A5F-53A37DB16472} = {F206F08A-9989-4F04-9C0C-AD18DCC8462B}
		{6864B3FD-3322-493B-8BEF-31CFCA4F6380} = {E1B22E90-7FBF-40DE-B822-533FE9F90367}
		{AC737EAF-2C3F-44DA-88B4-B3D08EAC8FE3} = {E1B22E90-7FBF-40DE-B822-533FE9F90367}
		{AAFA077D-E8E3-4E52-8034-87B2624EE138} = {AC737EAF-2C3F-44DA-88B4-B3D08EAC8FE3}
		{5946AC28-99A4-4C04-B2F6-B4299485F144} = {AC737EAF-2C3F-44DA-88B4-B3D08EAC8FE3}
		{D2A4ABB7-1CC3-4757-9F7E-8215A4E3D88B} = {AC737EAF-2C3F-44DA-88B4-B3D08EAC8FE3}
		{80043DFC-FD2E-46F9-8462-557AD1C94776} = {AC737EAF-2C3F-44DA-88B4-B3D08EAC8FE3}
		{8CFEEBAF-5D0E-4048-AB50-217C2FAB0006} = {E1B22E90-7FBF-40DE-B822-533FE9F90367}
		{808C33A3-8061-4E23-9ADB-50E1BF1AAC59} = {8CFEEBAF-5D0E-4048-AB50-217C2FAB0006}
		{94697196-F2B8-4076-94A3-8F51AE0DED1A} = {8CFEEBAF-5D0E-4048-AB50-217C2FAB0006}
		{1A595B6B-76AC-4943-9A47-D106F5F6B1E3} = {8CFEEBAF-5D0E-4048-AB50-217C2FAB0006}
		{4D61A97C-55A8-4FA0-8750-A119DE6796DF} = {8CFEEBAF-5D0E-4048-AB50-217C2FAB0006}
		{D9281934-287C-4A01-951E-7625D2568741} = {E1B22E90-7FBF-40DE-B822-533FE9F90367}
		{6AB48AD7-A8BE-4C4B-984D-FBF68D48476A} = {D9281934-287C-4A01-951E-7625D2568741}
		{BA38E107-CF37-46DE-B483-4E8F86B57281} = {D9281934-287C-4A01-951E-7625D2568741}
		{AC90BE52-F493-4F96-B306-F1320BC80185} = {D9281934-287C-4A01-951E-7625D2568741}
		{5597C433-1870-4D8F-8B9F-FB365837BEA4} = {D9281934-287C-4A01-951E-7625D2568741}
		{D6C0D7AB-444A-4236-AB9C-29B4444B110B} = {E1B22E90-7FBF-40DE-B822-533FE9F90367}
		{21063DF1-6F45-409F-B61A-25E85A1DF526} = {D6C0D7AB-444A-4236-AB9C-29B4444B110B}
		{5F526DE5-F9CB-438C-A6D4-296CC59BBF5F} = {D6C0D7AB-444A-4236-AB9C-29B4444B110B}
		{37BA93D4-7D15-4E28-BC47-67F68BC835BF} = {D6C0D7AB-444A-4236-AB9C-29B4444B110B}
		{4EB1C5E5-3199-4DBC-98D5-85137B5ED28D} = {D6C0D7AB-444A-4236-AB9C-29B4444B110B}
		{8B6EF400-FF03-4A9C-9650-91D5E645B19E} = {E1B22E90-7FBF-40DE-B822-533FE9F90367}
		{2CDD5199-591C-477A-915B-D747BB6AD32B} = {8B6EF400-FF03-4A9C-9650-91D5E645B19E}
		{772D9DDA-4776-4D8B-B038-86117092F881} = {8B6EF400-FF03-4A9C-9650-91D5E645B19E}
		{F7952397-6074-4A8E-B703-5C3105CBA4BA} = {8B6EF400-FF03-4A9C-9650-91D5E645B19E}
		{AE983DB0-F5B1-4238-9990-F6863397868F} = {8B6EF400-FF03-4A9C-9650-91D5E645B19E}
		{DE20131C-E75F-451D-A19B-AD89DFFD9CDA} = {E1B22E90-7FBF-40DE-B822-533FE9F90367}
		{C620B087-72F0-4233-9A8D-5C6EDBEC04C6} = {DE20131C-E75F-451D-A19B-AD89DFFD9CDA}
		{1C70F418-BD98-447C-9B20-926A2AE2882B} = {F206F08A-9989-4F04-9C0C-AD18DCC8462B}
		{BFFA0573-6BA5-48B8-A1C6-AD91CFEC1014} = {F206F08A-9989-4F04-9C0C-AD18DCC8462B}
		{9B034C64-B099-4057-8AA0-9D0CFAFCB2E8} = {6864B3FD-3322-493B-8BEF-31CFCA4F6380}
		{569F5F7B-3BFE-4430-A96B-E74F9DB8B3AB} = {6864B3FD-3322-493B-8BEF-31CFCA4F6380}
		{A0E12382-8078-41CE-A7D7-347C3D1B481C} = {6864B3FD-3322-493B-8BEF-31CFCA4F6380}
		{DA52D004-536F-46D9-B4EE-763DD2775F2F} = {6864B3FD-3322-493B-8BEF-31CFCA4F6380}
		{A7078181-4D55-48A4-9453-E25D3EC8AACF} = {F206F08A-9989-4F04-9C0C-AD18DCC8462B}
		{93EC65E6-DB93-4BE3-9744-66D28F5AFAB7} = {6864B3FD-3322-493B-8BEF-31CFCA4F6380}
		{4D887636-D70F-4133-8454-25090F223A3C} = {93EC65E6-DB93-4BE3-9744-66D28F5AFAB7}
		{8D091EC3-F657-43E8-A82F-0027535EB65B} = {8B6EF400-FF03-4A9C-9650-91D5E645B19E}
		{32AA989D-6C42-4C9E-AC0D-FAC7EE9876D1} = {8D091EC3-F657-43E8-A82F-0027535EB65B}
	EndGlobalSection
	GlobalSection(ExtensibilityGlobals) = postSolution
		SolutionGuid = {4626AD2C-426F-460F-A1D9-DD0D48F0D9DE}
	EndGlobalSection
EndGlobal
